
Microsoft Visual Studio Solution File, Format Version 12.00
# Visual Studio Version 17
VisualStudioVersion = 17.0.32112.339
MinimumVisualStudioVersion = 10.0.40219.1
Project("{9A19103F-16F7-4668-BE54-9A1E7A4F7556}") = "Calculator_RESTApiGateway", "Calculator_RESTApiGateway\Calculator_RESTApiGateway.csproj", "{14AC3649-5CAE-4239-9ED0-B039FD3AEBE6}"
EndProject
Project("{FAE04EC0-301F-11D3-BF4B-00C04F79EFBC}") = "Calculator_RESTApiGateway.Tests", "Calculator_RESTApiGateway.Tests\Calculator_RESTApiGateway.Tests.csproj", "{24D75CB7-3DD7-4FCC-A0C3-A683AD85934A}"
EndProject
Global
	GlobalSection(SolutionConfigurationPlatforms) = preSolution
		Debug|Any CPU = Debug|Any CPU
		Release|Any CPU = Release|Any CPU
	EndGlobalSection
	GlobalSection(ProjectConfigurationPlatforms) = postSolution
		{14AC3649-5CAE-4239-9ED0-B039FD3AEBE6}.Debug|Any CPU.ActiveCfg = Debug|Any CPU
		{14AC3649-5CAE-4239-9ED0-B039FD3AEBE6}.Debug|Any CPU.Build.0 = Debug|Any CPU
		{14AC3649-5CAE-4239-9ED0-B039FD3AEBE6}.Release|Any CPU.ActiveCfg = Release|Any CPU
		{14AC3649-5CAE-4239-9ED0-B039FD3AEBE6}.Release|Any CPU.Build.0 = Release|Any CPU
		{24D75CB7-3DD7-4FCC-A0C3-A683AD85934A}.Debug|Any CPU.ActiveCfg = Debug|Any CPU
		{24D75CB7-3DD7-4FCC-A0C3-A683AD85934A}.Debug|Any CPU.Build.0 = Debug|Any CPU
		{24D75CB7-3DD7-4FCC-A0C3-A683AD85934A}.Release|Any CPU.ActiveCfg = Release|Any CPU
		{24D75CB7-3DD7-4FCC-A0C3-A683AD85934A}.Release|Any CPU.Build.0 = Release|Any CPU
	EndGlobalSection
	GlobalSection(SolutionProperties) = preSolution
		HideSolutionNode = FALSE
	EndGlobalSection
	GlobalSection(ExtensibilityGlobals) = postSolution
		SolutionGuid = {325A664E-FE91-46A4-90D0-D4197681B1F5}
	EndGlobalSection
EndGlobal
